
Microsoft Visual Studio Solution File, Format Version 12.00
# Visual Studio Version 16
VisualStudioVersion = 16.0.34031.81
MinimumVisualStudioVersion = 10.0.40219.1
Project("{2150E333-8FDC-42A3-9474-1A3956D46DE8}") = "Task0", "Task0", "{198CFE5C-C4C5-49CF-95C9-8C27AAF89006}"
EndProject
Project("{FAE04EC0-301F-11D3-BF4B-00C04F79EFBC}") = "Tyuiu.RachevES.Sprint0.Task0.V0", "Tyuiu.RachevES.Sprint0.Task0.V0\Tyuiu.RachevES.Sprint0.Task0.V0.csproj", "{560F69A7-C7D7-4153-8C1A-EAEC59C451BF}"
EndProject
Project("{2150E333-8FDC-42A3-9474-1A3956D46DE8}") = "Task1", "Task1", "{73412999-599B-4064-90C5-A521B520621A}"
EndProject
Project("{FAE04EC0-301F-11D3-BF4B-00C04F79EFBC}") = "Tyuiu.RachevES.Sprint0.Task1.V0", "Tyuiu.RachevES.Sprint0.Task1.V0\Tyuiu.RachevES.Sprint0.Task1.V0.csproj", "{5B39788C-42CD-4B6E-B424-5CC558B58F19}"
EndProject
Project("{2150E333-8FDC-42A3-9474-1A3956D46DE8}") = "Task2", "Task2", "{E293C475-DF7B-4B7B-985D-C3069A018CD8}"
EndProject
Project("{FAE04EC0-301F-11D3-BF4B-00C04F79EFBC}") = "Tyuiu.RachevES.Sprint0.Task2.V0", "Tyuiu.RachevES.Sprint0.Task2.V0\Tyuiu.RachevES.Sprint0.Task2.V0.csproj", "{991ECB2B-A53D-4CF1-9B59-6F698A5B3C5C}"
EndProject
Project("{FAE04EC0-301F-11D3-BF4B-00C04F79EFBC}") = "Tyuiu.RachevES.Sprint0.Task2.V0.Lib", "Tyuiu.RachevES.Sprint0.Task2.V0.Lib\Tyuiu.RachevES.Sprint0.Task2.V0.Lib.csproj", "{A803FCFB-0881-4B2E-A69D-52DB5E866207}"
EndProject
Project("{FAE04EC0-301F-11D3-BF4B-00C04F79EFBC}") = "Tyuiu.RachevES.Sprint0.Task2.V0.Test", "Tyuiu.RachevES.Sprint0.Task2.V0.Test\Tyuiu.RachevES.Sprint0.Task2.V0.Test.csproj", "{BC4CBB3D-7EC9-4318-BACC-305AFAA95A18}"
EndProject
Project("{2150E333-8FDC-42A3-9474-1A3956D46DE8}") = "Task3", "Task3", "{5B6A0C3B-2888-4288-8E31-E2DC40E5025D}"
EndProject
Project("{FAE04EC0-301F-11D3-BF4B-00C04F79EFBC}") = "Tyuiu.RachevES.Sprint0.Task3.V0", "Tyuiu.RachevES.Sprint0.Task3.V0\Tyuiu.RachevES.Sprint0.Task3.V0.csproj", "{5D6D0E88-890E-48E4-9509-52CBE78C1FCE}"
EndProject
Project("{FAE04EC0-301F-11D3-BF4B-00C04F79EFBC}") = "Tyuiu.RachevES.Sprint0.Task3.V0.Lib", "Tyuiu.RachevES.Sprint0.Task3.V0.Lib\Tyuiu.RachevES.Sprint0.Task3.V0.Lib.csproj", "{52BE8EE7-5F8E-47E9-A59D-534ACE434355}"
EndProject
Project("{FAE04EC0-301F-11D3-BF4B-00C04F79EFBC}") = "Tyuiu.RachevES.Sprint0.Task3.V0.Test", "Tyuiu.RachevES.Sprint0.Task3.V0.Test\Tyuiu.RachevES.Sprint0.Task3.V0.Test.csproj", "{C4A6FAFF-BDA4-4D76-8929-C87709B6B57F}"
EndProject
Project("{2150E333-8FDC-42A3-9474-1A3956D46DE8}") = "Task4", "Task4", "{4C62A4EE-3E36-4EEA-9316-1B75FCCE3F60}"
EndProject
Project("{FAE04EC0-301F-11D3-BF4B-00C04F79EFBC}") = "Tyuiu.RachevES.Sprint0.Task4.V0", "Tyuiu.RachevES.Sprint0.Task4.V0\Tyuiu.RachevES.Sprint0.Task4.V0.csproj", "{C237BDE0-5630-4D3D-A49F-487C5E8E0A77}"
EndProject
Project("{FAE04EC0-301F-11D3-BF4B-00C04F79EFBC}") = "Tyuiu.RachevES.Sprint0.Task4.V0.Test", "Tyuiu.RachevES.Sprint0.Task4.V0.Test\Tyuiu.RachevES.Sprint0.Task4.V0.Test.csproj", "{ABC01711-184B-48E5-82DC-AB5430B130DA}"
EndProject
Project("{FAE04EC0-301F-11D3-BF4B-00C04F79EFBC}") = "Tyuiu.RachevES.Sprint0.Task4.V0.Lib", "Tyuiu.RachevES.Sprint0.Task4.V0.Lib\Tyuiu.RachevES.Sprint0.Task4.V0.Lib.csproj", "{115BAA8D-60F5-4E74-9625-5EAC0D1491E2}"
EndProject
Project("{2150E333-8FDC-42A3-9474-1A3956D46DE8}") = "Task5", "Task5", "{8054CA64-FE34-4C29-A97D-4F4C631D2B29}"
EndProject
Project("{FAE04EC0-301F-11D3-BF4B-00C04F79EFBC}") = "Tyuiu.RachevES.Sprint0.Task5.V0", "Tyuiu.RachevES.Sprint0.Task5.V0\Tyuiu.RachevES.Sprint0.Task5.V0.csproj", "{E1EFD62B-E024-4F06-8814-ADAFF542AFEB}"
EndProject
Project("{FAE04EC0-301F-11D3-BF4B-00C04F79EFBC}") = "Tyuiu.RachevES.Sprint0.Task5.V0.Lib", "Tyuiu.RachevES.Sprint0.Task5.V0.Lib\Tyuiu.RachevES.Sprint0.Task5.V0.Lib.csproj", "{BFC35D73-18D3-4240-98CD-873B5CEBF9E9}"
EndProject
Project("{FAE04EC0-301F-11D3-BF4B-00C04F79EFBC}") = "Tyuiu.RachevES.Sprint0.Task5.V0.Test", "Tyuiu.RachevES.Sprint0.Task5.V0.Test\Tyuiu.RachevES.Sprint0.Task5.V0.Test.csproj", "{4180797A-A7ED-4E30-90A3-CAA4671036DC}"
EndProject
Project("{2150E333-8FDC-42A3-9474-1A3956D46DE8}") = "Task6", "Task6", "{050E4D37-E72B-4772-96BF-E99C88D48824}"
EndProject
Project("{FAE04EC0-301F-11D3-BF4B-00C04F79EFBC}") = "Tyuiu.RachevES.Sprint0.Task6.V0", "Tyuiu.RachevES.Sprint0.Task6.V0\Tyuiu.RachevES.Sprint0.Task6.V0.csproj", "{994F4939-99B2-4548-9F01-3DDAAD0C0B82}"
EndProject
Project("{FAE04EC0-301F-11D3-BF4B-00C04F79EFBC}") = "Tyuiu.RachevES.Sprint0.Task6.V0.Lib", "Tyuiu.RachevES.Sprint0.Task6.V0.Lib\Tyuiu.RachevES.Sprint0.Task6.V0.Lib.csproj", "{274004DF-B0B7-4879-857F-DFE7196E60C2}"
EndProject
Project("{FAE04EC0-301F-11D3-BF4B-00C04F79EFBC}") = "Tyuiu.RachevES.Sprint0.Task6.V0.Test", "Tyuiu.RachevES.Sprint0.Task6.V0.Test\Tyuiu.RachevES.Sprint0.Task6.V0.Test.csproj", "{ECED2914-74C1-4BD1-A3B9-3F6EB168FE56}"
EndProject
Project("{2150E333-8FDC-42A3-9474-1A3956D46DE8}") = "Task7", "Task7", "{0E0D4AFD-6E9A-4722-860B-B566FFE8354D}"
EndProject
Project("{FAE04EC0-301F-11D3-BF4B-00C04F79EFBC}") = "Tyuiu.RachevES.Sprint0.Task7.V0", "Tyuiu.RachevES.Sprint0.Task7.V0\Tyuiu.RachevES.Sprint0.Task7.V0.csproj", "{1E11EBCB-DAE8-43DB-BF8E-D8A42A1EACDE}"
EndProject
Project("{FAE04EC0-301F-11D3-BF4B-00C04F79EFBC}") = "Tyuiu.RachevES.Sprint0.Task7.V0.Lib", "Tyuiu.RachevES.Sprint0.Task7.V0.Lib\Tyuiu.RachevES.Sprint0.Task7.V0.Lib.csproj", "{82930320-9940-4760-B0E9-1C681303F539}"
EndProject
Project("{FAE04EC0-301F-11D3-BF4B-00C04F79EFBC}") = "Tyuiu.RachevES.Sprint0.Task7.V0.Test", "Tyuiu.RachevES.Sprint0.Task7.V0.Test\Tyuiu.RachevES.Sprint0.Task7.V0.Test.csproj", "{499CFB93-48E0-4F3F-AC9F-F585A6B94074}"
EndProject
Global
	GlobalSection(SolutionConfigurationPlatforms) = preSolution
		Debug|Any CPU = Debug|Any CPU
		Release|Any CPU = Release|Any CPU
	EndGlobalSection
	GlobalSection(ProjectConfigurationPlatforms) = postSolution
		{560F69A7-C7D7-4153-8C1A-EAEC59C451BF}.Debug|Any CPU.ActiveCfg = Debug|Any CPU
		{560F69A7-C7D7-4153-8C1A-EAEC59C451BF}.Debug|Any CPU.Build.0 = Debug|Any CPU
		{560F69A7-C7D7-4153-8C1A-EAEC59C451BF}.Release|Any CPU.ActiveCfg = Release|Any CPU
		{560F69A7-C7D7-4153-8C1A-EAEC59C451BF}.Release|Any CPU.Build.0 = Release|Any CPU
		{5B39788C-42CD-4B6E-B424-5CC558B58F19}.Debug|Any CPU.ActiveCfg = Debug|Any CPU
		{5B39788C-42CD-4B6E-B424-5CC558B58F19}.Debug|Any CPU.Build.0 = Debug|Any CPU
		{5B39788C-42CD-4B6E-B424-5CC558B58F19}.Release|Any CPU.ActiveCfg = Release|Any CPU
		{5B39788C-42CD-4B6E-B424-5CC558B58F19}.Release|Any CPU.Build.0 = Release|Any CPU
		{991ECB2B-A53D-4CF1-9B59-6F698A5B3C5C}.Debug|Any CPU.ActiveCfg = Debug|Any CPU
		{991ECB2B-A53D-4CF1-9B59-6F698A5B3C5C}.Debug|Any CPU.Build.0 = Debug|Any CPU
		{991ECB2B-A53D-4CF1-9B59-6F698A5B3C5C}.Release|Any CPU.ActiveCfg = Release|Any CPU
		{991ECB2B-A53D-4CF1-9B59-6F698A5B3C5C}.Release|Any CPU.Build.0 = Release|Any CPU
		{A803FCFB-0881-4B2E-A69D-52DB5E866207}.Debug|Any CPU.ActiveCfg = Debug|Any CPU
		{A803FCFB-0881-4B2E-A69D-52DB5E866207}.Debug|Any CPU.Build.0 = Debug|Any CPU
		{A803FCFB-0881-4B2E-A69D-52DB5E866207}.Release|Any CPU.ActiveCfg = Release|Any CPU
		{A803FCFB-0881-4B2E-A69D-52DB5E866207}.Release|Any CPU.Build.0 = Release|Any CPU
		{BC4CBB3D-7EC9-4318-BACC-305AFAA95A18}.Debug|Any CPU.ActiveCfg = Debug|Any CPU
		{BC4CBB3D-7EC9-4318-BACC-305AFAA95A18}.Debug|Any CPU.Build.0 = Debug|Any CPU
		{BC4CBB3D-7EC9-4318-BACC-305AFAA95A18}.Release|Any CPU.ActiveCfg = Release|Any CPU
		{BC4CBB3D-7EC9-4318-BACC-305AFAA95A18}.Release|Any CPU.Build.0 = Release|Any CPU
		{5D6D0E88-890E-48E4-9509-52CBE78C1FCE}.Debug|Any CPU.ActiveCfg = Debug|Any CPU
		{5D6D0E88-890E-48E4-9509-52CBE78C1FCE}.Debug|Any CPU.Build.0 = Debug|Any CPU
		{5D6D0E88-890E-48E4-9509-52CBE78C1FCE}.Release|Any CPU.ActiveCfg = Release|Any CPU
		{5D6D0E88-890E-48E4-9509-52CBE78C1FCE}.Release|Any CPU.Build.0 = Release|Any CPU
		{52BE8EE7-5F8E-47E9-A59D-534ACE434355}.Debug|Any CPU.ActiveCfg = Debug|Any CPU
		{52BE8EE7-5F8E-47E9-A59D-534ACE434355}.Debug|Any CPU.Build.0 = Debug|Any CPU
		{52BE8EE7-5F8E-47E9-A59D-534ACE434355}.Release|Any CPU.ActiveCfg = Release|Any CPU
		{52BE8EE7-5F8E-47E9-A59D-534ACE434355}.Release|Any CPU.Build.0 = Release|Any CPU
		{C4A6FAFF-BDA4-4D76-8929-C87709B6B57F}.Debug|Any CPU.ActiveCfg = Debug|Any CPU
		{C4A6FAFF-BDA4-4D76-8929-C87709B6B57F}.Debug|Any CPU.Build.0 = Debug|Any CPU
		{C4A6FAFF-BDA4-4D76-8929-C87709B6B57F}.Release|Any CPU.ActiveCfg = Release|Any CPU
		{C4A6FAFF-BDA4-4D76-8929-C87709B6B57F}.Release|Any CPU.Build.0 = Release|Any CPU
		{C237BDE0-5630-4D3D-A49F-487C5E8E0A77}.Debug|Any CPU.ActiveCfg = Debug|Any CPU
		{C237BDE0-5630-4D3D-A49F-487C5E8E0A77}.Debug|Any CPU.Build.0 = Debug|Any CPU
		{C237BDE0-5630-4D3D-A49F-487C5E8E0A77}.Release|Any CPU.ActiveCfg = Release|Any CPU
		{C237BDE0-5630-4D3D-A49F-487C5E8E0A77}.Release|Any CPU.Build.0 = Release|Any CPU
		{ABC01711-184B-48E5-82DC-AB5430B130DA}.Debug|Any CPU.ActiveCfg = Debug|Any CPU
		{ABC01711-184B-48E5-82DC-AB5430B130DA}.Debug|Any CPU.Build.0 = Debug|Any CPU
		{ABC01711-184B-48E5-82DC-AB5430B130DA}.Release|Any CPU.ActiveCfg = Release|Any CPU
		{ABC01711-184B-48E5-82DC-AB5430B130DA}.Release|Any CPU.Build.0 = Release|Any CPU
		{115BAA8D-60F5-4E74-9625-5EAC0D1491E2}.Debug|Any CPU.ActiveCfg = Debug|Any CPU
		{115BAA8D-60F5-4E74-9625-5EAC0D1491E2}.Debug|Any CPU.Build.0 = Debug|Any CPU
		{115BAA8D-60F5-4E74-9625-5EAC0D1491E2}.Release|Any CPU.ActiveCfg = Release|Any CPU
		{115BAA8D-60F5-4E74-9625-5EAC0D1491E2}.Release|Any CPU.Build.0 = Release|Any CPU
		{E1EFD62B-E024-4F06-8814-ADAFF542AFEB}.Debug|Any CPU.ActiveCfg = Debug|Any CPU
		{E1EFD62B-E024-4F06-8814-ADAFF542AFEB}.Debug|Any CPU.Build.0 = Debug|Any CPU
		{E1EFD62B-E024-4F06-8814-ADAFF542AFEB}.Release|Any CPU.ActiveCfg = Release|Any CPU
		{E1EFD62B-E024-4F06-8814-ADAFF542AFEB}.Release|Any CPU.Build.0 = Release|Any CPU
		{BFC35D73-18D3-4240-98CD-873B5CEBF9E9}.Debug|Any CPU.ActiveCfg = Debug|Any CPU
		{BFC35D73-18D3-4240-98CD-873B5CEBF9E9}.Debug|Any CPU.Build.0 = Debug|Any CPU
		{BFC35D73-18D3-4240-98CD-873B5CEBF9E9}.Release|Any CPU.ActiveCfg = Release|Any CPU
		{BFC35D73-18D3-4240-98CD-873B5CEBF9E9}.Release|Any CPU.Build.0 = Release|Any CPU
		{4180797A-A7ED-4E30-90A3-CAA4671036DC}.Debug|Any CPU.ActiveCfg = Debug|Any CPU
		{4180797A-A7ED-4E30-90A3-CAA4671036DC}.Debug|Any CPU.Build.0 = Debug|Any CPU
		{4180797A-A7ED-4E30-90A3-CAA4671036DC}.Release|Any CPU.ActiveCfg = Release|Any CPU
		{4180797A-A7ED-4E30-90A3-CAA4671036DC}.Release|Any CPU.Build.0 = Release|Any CPU
		{994F4939-99B2-4548-9F01-3DDAAD0C0B82}.Debug|Any CPU.ActiveCfg = Debug|Any CPU
		{994F4939-99B2-4548-9F01-3DDAAD0C0B82}.Debug|Any CPU.Build.0 = Debug|Any CPU
		{994F4939-99B2-4548-9F01-3DDAAD0C0B82}.Release|Any CPU.ActiveCfg = Release|Any CPU
		{994F4939-99B2-4548-9F01-3DDAAD0C0B82}.Release|Any CPU.Build.0 = Release|Any CPU
		{274004DF-B0B7-4879-857F-DFE7196E60C2}.Debug|Any CPU.ActiveCfg = Debug|Any CPU
		{274004DF-B0B7-4879-857F-DFE7196E60C2}.Debug|Any CPU.Build.0 = Debug|Any CPU
		{274004DF-B0B7-4879-857F-DFE7196E60C2}.Release|Any CPU.ActiveCfg = Release|Any CPU
		{274004DF-B0B7-4879-857F-DFE7196E60C2}.Release|Any CPU.Build.0 = Release|Any CPU
		{ECED2914-74C1-4BD1-A3B9-3F6EB168FE56}.Debug|Any CPU.ActiveCfg = Debug|Any CPU
		{ECED2914-74C1-4BD1-A3B9-3F6EB168FE56}.Debug|Any CPU.Build.0 = Debug|Any CPU
		{ECED2914-74C1-4BD1-A3B9-3F6EB168FE56}.Release|Any CPU.ActiveCfg = Release|Any CPU
		{ECED2914-74C1-4BD1-A3B9-3F6EB168FE56}.Release|Any CPU.Build.0 = Release|Any CPU
		{1E11EBCB-DAE8-43DB-BF8E-D8A42A1EACDE}.Debug|Any CPU.ActiveCfg = Debug|Any CPU
		{1E11EBCB-DAE8-43DB-BF8E-D8A42A1EACDE}.Debug|Any CPU.Build.0 = Debug|Any CPU
		{1E11EBCB-DAE8-43DB-BF8E-D8A42A1EACDE}.Release|Any CPU.ActiveCfg = Release|Any CPU
		{1E11EBCB-DAE8-43DB-BF8E-D8A42A1EACDE}.Release|Any CPU.Build.0 = Release|Any CPU
		{82930320-9940-4760-B0E9-1C681303F539}.Debug|Any CPU.ActiveCfg = Debug|Any CPU
		{82930320-9940-4760-B0E9-1C681303F539}.Debug|Any CPU.Build.0 = Debug|Any CPU
		{82930320-9940-4760-B0E9-1C681303F539}.Release|Any CPU.ActiveCfg = Release|Any CPU
		{82930320-9940-4760-B0E9-1C681303F539}.Release|Any CPU.Build.0 = Release|Any CPU
		{499CFB93-48E0-4F3F-AC9F-F585A6B94074}.Debug|Any CPU.ActiveCfg = Debug|Any CPU
		{499CFB93-48E0-4F3F-AC9F-F585A6B94074}.Debug|Any CPU.Build.0 = Debug|Any CPU
		{499CFB93-48E0-4F3F-AC9F-F585A6B94074}.Release|Any CPU.ActiveCfg = Release|Any CPU
		{499CFB93-48E0-4F3F-AC9F-F585A6B94074}.Release|Any CPU.Build.0 = Release|Any CPU
	EndGlobalSection
	GlobalSection(SolutionProperties) = preSolution
		HideSolutionNode = FALSE
	EndGlobalSection
	GlobalSection(NestedProjects) = preSolution
		{560F69A7-C7D7-4153-8C1A-EAEC59C451BF} = {198CFE5C-C4C5-49CF-95C9-8C27AAF89006}
		{5B39788C-42CD-4B6E-B424-5CC558B58F19} = {73412999-599B-4064-90C5-A521B520621A}
		{991ECB2B-A53D-4CF1-9B59-6F698A5B3C5C} = {E293C475-DF7B-4B7B-985D-C3069A018CD8}
		{A803FCFB-0881-4B2E-A69D-52DB5E866207} = {E293C475-DF7B-4B7B-985D-C3069A018CD8}
		{BC4CBB3D-7EC9-4318-BACC-305AFAA95A18} = {E293C475-DF7B-4B7B-985D-C3069A018CD8}
		{5D6D0E88-890E-48E4-9509-52CBE78C1FCE} = {5B6A0C3B-2888-4288-8E31-E2DC40E5025D}
		{52BE8EE7-5F8E-47E9-A59D-534ACE434355} = {5B6A0C3B-2888-4288-8E31-E2DC40E5025D}
		{C4A6FAFF-BDA4-4D76-8929-C87709B6B57F} = {5B6A0C3B-2888-4288-8E31-E2DC40E5025D}
		{C237BDE0-5630-4D3D-A49F-487C5E8E0A77} = {4C62A4EE-3E36-4EEA-9316-1B75FCCE3F60}
		{ABC01711-184B-48E5-82DC-AB5430B130DA} = {4C62A4EE-3E36-4EEA-9316-1B75FCCE3F60}
		{115BAA8D-60F5-4E74-9625-5EAC0D1491E2} = {4C62A4EE-3E36-4EEA-9316-1B75FCCE3F60}
		{E1EFD62B-E024-4F06-8814-ADAFF542AFEB} = {8054CA64-FE34-4C29-A97D-4F4C631D2B29}
		{BFC35D73-18D3-4240-98CD-873B5CEBF9E9} = {8054CA64-FE34-4C29-A97D-4F4C631D2B29}
		{4180797A-A7ED-4E30-90A3-CAA4671036DC} = {8054CA64-FE34-4C29-A97D-4F4C631D2B29}
		{994F4939-99B2-4548-9F01-3DDAAD0C0B82} = {050E4D37-E72B-4772-96BF-E99C88D48824}
		{274004DF-B0B7-4879-857F-DFE7196E60C2} = {050E4D37-E72B-4772-96BF-E99C88D48824}
		{ECED2914-74C1-4BD1-A3B9-3F6EB168FE56} = {050E4D37-E72B-4772-96BF-E99C88D48824}
		{1E11EBCB-DAE8-43DB-BF8E-D8A42A1EACDE} = {0E0D4AFD-6E9A-4722-860B-B566FFE8354D}
		{82930320-9940-4760-B0E9-1C681303F539} = {0E0D4AFD-6E9A-4722-860B-B566FFE8354D}
		{499CFB93-48E0-4F3F-AC9F-F585A6B94074} = {0E0D4AFD-6E9A-4722-860B-B566FFE8354D}
	EndGlobalSection
	GlobalSection(ExtensibilityGlobals) = postSolution
		SolutionGuid = {25622B4A-FFED-4328-B5CE-299667652436}
	EndGlobalSection
EndGlobal
